
Microsoft Visual Studio Solution File, Format Version 12.00
# Visual Studio 14
VisualStudioVersion = 14.0.25420.1
MinimumVisualStudioVersion = 10.0.40219.1
Project("{FAE04EC0-301F-11D3-BF4B-00C04F79EFBC}") = "FlattiUI", "FlattiUI\FlattiUI.csproj", "{DB931DCB-07B5-4C1B-ADA3-EA5DC4DAC2A3}"
	ProjectSection(ProjectDependencies) = postProject
		{6E479E0D-8596-4130-9E9E-DF30F942F97B} = {6E479E0D-8596-4130-9E9E-DF30F942F97B}
	EndProjectSection
EndProject
Project("{FAE04EC0-301F-11D3-BF4B-00C04F79EFBC}") = "FlattiBase", "..\FlattiBase\FlattiBase\FlattiBase.csproj", "{6E479E0D-8596-4130-9E9E-DF30F942F97B}"
EndProject
Global
	GlobalSection(SolutionConfigurationPlatforms) = preSolution
		Debug|Any CPU = Debug|Any CPU
		Release_Danny|Any CPU = Release_Danny|Any CPU
		Release_Stephanos|Any CPU = Release_Stephanos|Any CPU
		Release_Thomas|Any CPU = Release_Thomas|Any CPU
		Release|Any CPU = Release|Any CPU
	EndGlobalSection
	GlobalSection(ProjectConfigurationPlatforms) = postSolution
		{DB931DCB-07B5-4C1B-ADA3-EA5DC4DAC2A3}.Debug|Any CPU.ActiveCfg = Debug|Any CPU
		{DB931DCB-07B5-4C1B-ADA3-EA5DC4DAC2A3}.Debug|Any CPU.Build.0 = Debug|Any CPU
		{DB931DCB-07B5-4C1B-ADA3-EA5DC4DAC2A3}.Release_Danny|Any CPU.ActiveCfg = Release_Danny|Any CPU
		{DB931DCB-07B5-4C1B-ADA3-EA5DC4DAC2A3}.Release_Danny|Any CPU.Build.0 = Release_Danny|Any CPU
		{DB931DCB-07B5-4C1B-ADA3-EA5DC4DAC2A3}.Release_Stephanos|Any CPU.ActiveCfg = Release_Stephanos|Any CPU
		{DB931DCB-07B5-4C1B-ADA3-EA5DC4DAC2A3}.Release_Stephanos|Any CPU.Build.0 = Release_Stephanos|Any CPU
		{DB931DCB-07B5-4C1B-ADA3-EA5DC4DAC2A3}.Release_Thomas|Any CPU.ActiveCfg = Release_Thomas|Any CPU
		{DB931DCB-07B5-4C1B-ADA3-EA5DC4DAC2A3}.Release_Thomas|Any CPU.Build.0 = Release_Thomas|Any CPU
		{DB931DCB-07B5-4C1B-ADA3-EA5DC4DAC2A3}.Release|Any CPU.ActiveCfg = Release|Any CPU
		{DB931DCB-07B5-4C1B-ADA3-EA5DC4DAC2A3}.Release|Any CPU.Build.0 = Release|Any CPU
		{6E479E0D-8596-4130-9E9E-DF30F942F97B}.Debug|Any CPU.ActiveCfg = Debug|Any CPU
		{6E479E0D-8596-4130-9E9E-DF30F942F97B}.Debug|Any CPU.Build.0 = Debug|Any CPU
		{6E479E0D-8596-4130-9E9E-DF30F942F97B}.Release_Danny|Any CPU.ActiveCfg = Release_Danny|Any CPU
		{6E479E0D-8596-4130-9E9E-DF30F942F97B}.Release_Danny|Any CPU.Build.0 = Release_Danny|Any CPU
		{6E479E0D-8596-4130-9E9E-DF30F942F97B}.Release_Stephanos|Any CPU.ActiveCfg = Release_Stephanos|Any CPU
		{6E479E0D-8596-4130-9E9E-DF30F942F97B}.Release_Stephanos|Any CPU.Build.0 = Release_Stephanos|Any CPU
		{6E479E0D-8596-4130-9E9E-DF30F942F97B}.Release_Thomas|Any CPU.ActiveCfg = Release_Thomas|Any CPU
		{6E479E0D-8596-4130-9E9E-DF30F942F97B}.Release_Thomas|Any CPU.Build.0 = Release_Thomas|Any CPU
		{6E479E0D-8596-4130-9E9E-DF30F942F97B}.Release|Any CPU.ActiveCfg = Release|Any CPU
		{6E479E0D-8596-4130-9E9E-DF30F942F97B}.Release|Any CPU.Build.0 = Release|Any CPU
	EndGlobalSection
	GlobalSection(SolutionProperties) = preSolution
		HideSolutionNode = FALSE
	EndGlobalSection
EndGlobal
